
Microsoft Visual Studio Solution File, Format Version 12.00
# Visual Studio 2013
VisualStudioVersion = 12.0.31101.0
MinimumVisualStudioVersion = 10.0.40219.1
Project("{FAE04EC0-301F-11D3-BF4B-00C04F79EFBC}") = "PostStore", "PostStore\PostStore.csproj", "{979E2CD2-157F-4DE6-B7A4-5C3BCA14781E}"
EndProject
Project("{FAE04EC0-301F-11D3-BF4B-00C04F79EFBC}") = "Post.Models", "Post.Models\Post.Models.csproj", "{EBD3D2E8-55BD-4C13-93C8-25529A24B361}"
EndProject
Global
	GlobalSection(SolutionConfigurationPlatforms) = preSolution
		Debug|Any CPU = Debug|Any CPU
		Release|Any CPU = Release|Any CPU
	EndGlobalSection
	GlobalSection(ProjectConfigurationPlatforms) = postSolution
		{979E2CD2-157F-4DE6-B7A4-5C3BCA14781E}.Debug|Any CPU.ActiveCfg = Debug|Any CPU
		{979E2CD2-157F-4DE6-B7A4-5C3BCA14781E}.Debug|Any CPU.Build.0 = Debug|Any CPU
		{979E2CD2-157F-4DE6-B7A4-5C3BCA14781E}.Release|Any CPU.ActiveCfg = Release|Any CPU
		{979E2CD2-157F-4DE6-B7A4-5C3BCA14781E}.Release|Any CPU.Build.0 = Release|Any CPU
		{EBD3D2E8-55BD-4C13-93C8-25529A24B361}.Debug|Any CPU.ActiveCfg = Debug|Any CPU
		{EBD3D2E8-55BD-4C13-93C8-25529A24B361}.Debug|Any CPU.Build.0 = Debug|Any CPU
		{EBD3D2E8-55BD-4C13-93C8-25529A24B361}.Release|Any CPU.ActiveCfg = Release|Any CPU
		{EBD3D2E8-55BD-4C13-93C8-25529A24B361}.Release|Any CPU.Build.0 = Release|Any CPU
	EndGlobalSection
	GlobalSection(SolutionProperties) = preSolution
		HideSolutionNode = FALSE
	EndGlobalSection
EndGlobal
